{
  "name": "js-to",
  "version": "0.0.1",
  "lockfileVersion": 1,
  "requires": true,
  "dependencies": {
    "meriyah": {
      "version": "1.9.15",
      "resolved": "https://registry.npmjs.org/meriyah/-/meriyah-1.9.15.tgz",
      "integrity": "sha512-D4rT6XIYGqZab0EI/xbihUpwh0WbNRVQ35l2J/5QC2atxaI8h3KvA55DEJLBB/FRdaji7JwkNehfCRjCyjCjqw=="
    }
  }
}
